dependencies:
  espressif/cjson:
    component_hash: e788323270d90738662d66fffa910bfe1fba019bba087f01557e70c40485b469
    dependencies:
    - name: idf
      require: private
      version: '>=5.0'
    source:
      registry_url: https://components.espressif.com
      type: service
    version: 1.7.19~2
  espressif/network_provisioning:
    component_hash: 72d27784e3daf807418a34fb00be136ec50c6db49d989ce981d22e031fc0e7f8
    dependencies:
    - name: espressif/cjson
      registry_url: https://components.espressif.com
      require: private
      rules:
      - if: idf_version >= 6.0
      version: ^1.7.19
    - name: idf
      require: private
      version: '>=5.1'
    source:
      registry_url: https://components.espressif.com/
      type: service
    version: 1.2.4
  espressif/qrcode:
    component_hash: 31e70991ce22f28d73a4386417fc9c0993f61e1aab1832474fd9e3db8da9dcbd
    dependencies: []
    source:
      registry_url: https://components.espressif.com/
      type: service
    version: 0.2.0
  idf:
    source:
      type: idf
    version: 6.0.2
direct_dependencies:
- espressif/network_provisioning
- espressif/qrcode
- idf
manifest_hash: 2be4087acc8a6d57a26e91dcd2b9a85d6c6c2ec78b8f32b7664fad78b9a48e84
target: esp32s3
version: 3.0.0
